<<<<<<< HEAD
﻿<?xml version="1.0" encoding="utf-8"?>
<Project ToolsVersion="4.0" xmlns="http://schemas.microsoft.com/developer/msbuild/2003">
  <ItemGroup>
    <Filter Include="Source Files">
      <UniqueIdentifier>{4FC737F1-C7A5-4376-A066-2A32D752A2FF}</UniqueIdentifier>
      <Extensions>cpp;c;cc;cxx;def;odl;idl;hpj;bat;asm;asmx</Extensions>
    </Filter>
    <Filter Include="Header Files">
      <UniqueIdentifier>{93995380-89BD-4b04-88EB-625FBE52EBFB}</UniqueIdentifier>
      <Extensions>h;hpp;hxx;hm;inl;inc;xsd</Extensions>
    </Filter>
    <Filter Include="Resource Files">
      <UniqueIdentifier>{67DA6AB6-F800-4c08-8B7A-83BB121AAD01}</UniqueIdentifier>
      <Extensions>rc;ico;cur;bmp;dlg;rc2;rct;bin;rgs;gif;jpg;jpeg;jpe;resx;tiff;tif;png;wav;mfcribbon-ms</Extensions>
    </Filter>
  </ItemGroup>
  <ItemGroup>
    <ClCompile Include="GameMain.cpp">
      <Filter>Source Files</Filter>
    </ClCompile>
    <ClCompile Include="creature\Balrog.cpp">
      <Filter>Source Files</Filter>
    </ClCompile>
    <ClCompile Include="creature\Creature.cpp">
      <Filter>Source Files</Filter>
    </ClCompile>
    <ClCompile Include="creature\Cyberdemon.cpp">
      <Filter>Source Files</Filter>
    </ClCompile>
    <ClCompile Include="creature\Demon.cpp">
      <Filter>Source Files</Filter>
    </ClCompile>
    <ClCompile Include="creature\Elf.cpp">
      <Filter>Source Files</Filter>
    </ClCompile>
    <ClCompile Include="creature\Human.cpp">
      <Filter>Source Files</Filter>
    </ClCompile>
    <ClCompile Include="battle\battle.cpp">
      <Filter>Source Files</Filter>
    </ClCompile>
    <ClCompile Include="creature\Player.cpp">
      <Filter>Source Files</Filter>
    </ClCompile>
    <ClCompile Include="System\SYSTEM.cpp">
      <Filter>Source Files</Filter>
    </ClCompile>
  </ItemGroup>
  <ItemGroup>
    <ClInclude Include="creature\Balrog.h">
      <Filter>Header Files</Filter>
    </ClInclude>
    <ClInclude Include="creature\Creature.h">
      <Filter>Header Files</Filter>
    </ClInclude>
    <ClInclude Include="creature\Cyberdemon.h">
      <Filter>Header Files</Filter>
    </ClInclude>
    <ClInclude Include="creature\Demon.h">
      <Filter>Header Files</Filter>
    </ClInclude>
    <ClInclude Include="creature\Elf.h">
      <Filter>Header Files</Filter>
    </ClInclude>
    <ClInclude Include="creature\Human.h">
      <Filter>Header Files</Filter>
    </ClInclude>
    <ClInclude Include="creature\Player.h">
      <Filter>Header Files</Filter>
    </ClInclude>
    <ClInclude Include="System\SYSTEM.h">
      <Filter>Header Files</Filter>
    </ClInclude>
<<<<<<< HEAD
    <ClInclude Include="List\Linkedlist.h">
      <Filter>Header Files</Filter>
    </ClInclude>
=======
>>>>>>> a55dd91f28694f95712daacba48be33daa0b3276
  </ItemGroup>
=======
﻿<?xml version="1.0" encoding="utf-8"?>
<Project ToolsVersion="4.0" xmlns="http://schemas.microsoft.com/developer/msbuild/2003">
  <ItemGroup>
    <Filter Include="Source Files">
      <UniqueIdentifier>{4FC737F1-C7A5-4376-A066-2A32D752A2FF}</UniqueIdentifier>
      <Extensions>cpp;c;cc;cxx;def;odl;idl;hpj;bat;asm;asmx</Extensions>
    </Filter>
    <Filter Include="Header Files">
      <UniqueIdentifier>{93995380-89BD-4b04-88EB-625FBE52EBFB}</UniqueIdentifier>
      <Extensions>h;hpp;hxx;hm;inl;inc;xsd</Extensions>
    </Filter>
    <Filter Include="Resource Files">
      <UniqueIdentifier>{67DA6AB6-F800-4c08-8B7A-83BB121AAD01}</UniqueIdentifier>
      <Extensions>rc;ico;cur;bmp;dlg;rc2;rct;bin;rgs;gif;jpg;jpeg;jpe;resx;tiff;tif;png;wav;mfcribbon-ms</Extensions>
    </Filter>
  </ItemGroup>
  <ItemGroup>
    <ClCompile Include="GameMain.cpp">
      <Filter>Source Files</Filter>
    </ClCompile>
    <ClCompile Include="creature\Balrog.cpp">
      <Filter>Source Files</Filter>
    </ClCompile>
    <ClCompile Include="creature\Creature.cpp">
      <Filter>Source Files</Filter>
    </ClCompile>
    <ClCompile Include="creature\Cyberdemon.cpp">
      <Filter>Source Files</Filter>
    </ClCompile>
    <ClCompile Include="creature\Demon.cpp">
      <Filter>Source Files</Filter>
    </ClCompile>
    <ClCompile Include="creature\Elf.cpp">
      <Filter>Source Files</Filter>
    </ClCompile>
    <ClCompile Include="creature\Human.cpp">
      <Filter>Source Files</Filter>
    </ClCompile>
    <ClCompile Include="battle\battle.cpp">
      <Filter>Source Files</Filter>
    </ClCompile>
    <ClCompile Include="creature\Player.cpp">
      <Filter>Source Files</Filter>
    </ClCompile>
    <ClCompile Include="System\SYSTEM.cpp">
      <Filter>Source Files</Filter>
    </ClCompile>
    <ClCompile Include="inventory\Carrier.cpp">
      <Filter>Source Files</Filter>
    </ClCompile>
    <ClCompile Include="creature\Dwarf.cpp">
      <Filter>Source Files</Filter>
    </ClCompile>
    <ClCompile Include="inventory\items.cpp">
      <Filter>Source Files</Filter>
    </ClCompile>
    <ClCompile Include="inventory\Potion.cpp">
      <Filter>Source Files</Filter>
    </ClCompile>
    <ClCompile Include="inventory\equipment.cpp">
      <Filter>Source Files</Filter>
    </ClCompile>
  </ItemGroup>
  <ItemGroup>
    <ClInclude Include="creature\Balrog.h">
      <Filter>Header Files</Filter>
    </ClInclude>
    <ClInclude Include="creature\Creature.h">
      <Filter>Header Files</Filter>
    </ClInclude>
    <ClInclude Include="creature\Cyberdemon.h">
      <Filter>Header Files</Filter>
    </ClInclude>
    <ClInclude Include="creature\Demon.h">
      <Filter>Header Files</Filter>
    </ClInclude>
    <ClInclude Include="creature\Elf.h">
      <Filter>Header Files</Filter>
    </ClInclude>
    <ClInclude Include="creature\Human.h">
      <Filter>Header Files</Filter>
    </ClInclude>
    <ClInclude Include="creature\Player.h">
      <Filter>Header Files</Filter>
    </ClInclude>
    <ClInclude Include="System\SYSTEM.h">
      <Filter>Header Files</Filter>
    </ClInclude>
    <ClInclude Include="List\Linkedlist.h">
      <Filter>Header Files</Filter>
    </ClInclude>
    <ClInclude Include="inventory\Carrier.h">
      <Filter>Header Files</Filter>
    </ClInclude>
    <ClInclude Include="creature\Dwarf.h">
      <Filter>Header Files</Filter>
    </ClInclude>
    <ClInclude Include="battle\battle.h">
      <Filter>Header Files</Filter>
    </ClInclude>
    <ClInclude Include="inventory\items.h">
      <Filter>Header Files</Filter>
    </ClInclude>
    <ClInclude Include="inventory\Potion.h">
      <Filter>Header Files</Filter>
    </ClInclude>
    <ClInclude Include="inventory\equipment.h">
      <Filter>Header Files</Filter>
    </ClInclude>
  </ItemGroup>
>>>>>>> add the Inventory, equipment, battle and enemies list;
</Project>